
Microsoft Visual Studio Solution File, Format Version 12.00
# Visual Studio Version 17
VisualStudioVersion = 17.11.35222.181
MinimumVisualStudioVersion = 10.0.40219.1
Project("{FAE04EC0-301F-11D3-BF4B-00C04F79EFBC}") = "BiografKassan", "BiografKassan.csproj", "{A37D091F-5F69-45F0-8408-CF4E4C8F0CED}"
EndProject
Global
	GlobalSection(SolutionConfigurationPlatforms) = preSolution
		Debug|Any CPU = Debug|Any CPU
		Release|Any CPU = Release|Any CPU
	EndGlobalSection
	GlobalSection(ProjectConfigurationPlatforms) = postSolution
		{A37D091F-5F69-45F0-8408-CF4E4C8F0CED}.Debug|Any CPU.ActiveCfg = Debug|Any CPU
		{A37D091F-5F69-45F0-8408-CF4E4C8F0CED}.Debug|Any CPU.Build.0 = Debug|Any CPU
		{A37D091F-5F69-45F0-8408-CF4E4C8F0CED}.Release|Any CPU.ActiveCfg = Release|Any CPU
		{A37D091F-5F69-45F0-8408-CF4E4C8F0CED}.Release|Any CPU.Build.0 = Release|Any CPU
	EndGlobalSection
	GlobalSection(SolutionProperties) = preSolution
		HideSolutionNode = FALSE
	EndGlobalSection
	GlobalSection(ExtensibilityGlobals) = postSolution
		SolutionGuid = {864A41CD-B86D-4507-8417-7DAA2D637452}
	EndGlobalSection
EndGlobal
